
Microsoft Visual Studio Solution File, Format Version 12.00
# Visual Studio 2013
VisualStudioVersion = 12.0.31101.0
MinimumVisualStudioVersion = 10.0.40219.1
Project("{FAE04EC0-301F-11D3-BF4B-00C04F79EFBC}") = "Autofac.Extras.Multitenant", "src\Autofac.Extras.Multitenant\Autofac.Extras.Multitenant.csproj", "{321CEF70-1C21-4CF0-BE04-4F72427A88D6}"
EndProject
Project("{FAE04EC0-301F-11D3-BF4B-00C04F79EFBC}") = "Autofac.Extras.Tests.Multitenant", "test\Autofac.Extras.Tests.Multitenant\Autofac.Extras.Tests.Multitenant.csproj", "{5EFE64A7-50F3-4F80-BCF8-9FFE89832349}"
EndProject
Global
	GlobalSection(SolutionConfigurationPlatforms) = preSolution
		Debug|Any CPU = Debug|Any CPU
		Release|Any CPU = Release|Any CPU
	EndGlobalSection
	GlobalSection(ProjectConfigurationPlatforms) = postSolution
		{321CEF70-1C21-4CF0-BE04-4F72427A88D6}.Debug|Any CPU.ActiveCfg = Debug|Any CPU
		{321CEF70-1C21-4CF0-BE04-4F72427A88D6}.Debug|Any CPU.Build.0 = Debug|Any CPU
		{321CEF70-1C21-4CF0-BE04-4F72427A88D6}.Release|Any CPU.ActiveCfg = Release|Any CPU
		{321CEF70-1C21-4CF0-BE04-4F72427A88D6}.Release|Any CPU.Build.0 = Release|Any CPU
		{5EFE64A7-50F3-4F80-BCF8-9FFE89832349}.Debug|Any CPU.ActiveCfg = Debug|Any CPU
		{5EFE64A7-50F3-4F80-BCF8-9FFE89832349}.Debug|Any CPU.Build.0 = Debug|Any CPU
		{5EFE64A7-50F3-4F80-BCF8-9FFE89832349}.Release|Any CPU.ActiveCfg = Release|Any CPU
		{5EFE64A7-50F3-4F80-BCF8-9FFE89832349}.Release|Any CPU.Build.0 = Release|Any CPU
	EndGlobalSection
	GlobalSection(SolutionProperties) = preSolution
		HideSolutionNode = FALSE
	EndGlobalSection
EndGlobal
